
Microsoft Visual Studio Solution File, Format Version 12.00
# Visual Studio 15
VisualStudioVersion = 15.0.27004.2005
MinimumVisualStudioVersion = 10.0.40219.1
Project("{FAE04EC0-301F-11D3-BF4B-00C04F79EFBC}") = "MaterialKur", "MaterialKur\MaterialKur.csproj", "{E78AAC6E-9028-484D-A553-B7EB5B889764}"
EndProject
Global
	GlobalSection(SolutionConfigurationPlatforms) = preSolution
		Debug|Any CPU = Debug|Any CPU
		Release|Any CPU = Release|Any CPU
	EndGlobalSection
	GlobalSection(ProjectConfigurationPlatforms) = postSolution
		{E78AAC6E-9028-484D-A553-B7EB5B889764}.Debug|Any CPU.ActiveCfg = Debug|Any CPU
		{E78AAC6E-9028-484D-A553-B7EB5B889764}.Debug|Any CPU.Build.0 = Debug|Any CPU
		{E78AAC6E-9028-484D-A553-B7EB5B889764}.Release|Any CPU.ActiveCfg = Release|Any CPU
		{E78AAC6E-9028-484D-A553-B7EB5B889764}.Release|Any CPU.Build.0 = Release|Any CPU
	EndGlobalSection
	GlobalSection(SolutionProperties) = preSolution
		HideSolutionNode = FALSE
	EndGlobalSection
	GlobalSection(ExtensibilityGlobals) = postSolution
		SolutionGuid = {14BC12B9-2611-4452-BE1F-D1E1F8C069BB}
	EndGlobalSection
EndGlobal
